
Microsoft Visual Studio Solution File, Format Version 12.00
# Visual Studio 15
VisualStudioVersion = 15.0.26228.9
MinimumVisualStudioVersion = 10.0.40219.1
Project("{9A19103F-16F7-4668-BE54-9A1E7A4F7556}") = "LamedalCore", "..\LamedalCore\src\LamedalCore.csproj", "{421FEB9F-B016-45BD-98BE-9B4889F39057}"
EndProject
Project("{FAE04EC0-301F-11D3-BF4B-00C04F79EFBC}") = "LamedalCore.Test", "..\LamedalCore\tests\LamedalCore.Test.csproj", "{66311AA8-6427-4B6A-840A-0E8C6D0A2B05}"
EndProject
Project("{FAE04EC0-301F-11D3-BF4B-00C04F79EFBC}") = "Lamedal_UIWinForms", "src\Lamedal_UIWinForms.csproj", "{6EE128E4-96F6-40D4-85C0-235C30EC461C}"
EndProject
Project("{FAE04EC0-301F-11D3-BF4B-00C04F79EFBC}") = "Lamedal_UIWinForms.Test", "tests\Lamedal_UIWinForms.Test.csproj", "{C5B02C31-0A43-4CBF-BA58-7C6CF0CE9A3E}"
EndProject
Project("{FAE04EC0-301F-11D3-BF4B-00C04F79EFBC}") = "DuctingGrids", "..\ThreeLevelGrids\WinForms\DuctingGrids.csproj", "{B4D5D9FB-6C23-4D53-ABFC-BA1DF97390FB}"
EndProject
Project("{FAE04EC0-301F-11D3-BF4B-00C04F79EFBC}") = "Lamedal_Badge", "..\Lamedal_Badge\src\Lamedal_Badge.csproj", "{D37E3923-B7D7-4622-9AF2-F03487BD1E84}"
EndProject
Project("{2150E333-8FDC-42A3-9474-1A3956D46DE8}") = "LamdalCore", "LamdalCore", "{7DAA45E9-6F18-4B69-8614-0883E3E97F45}"
EndProject
Project("{2150E333-8FDC-42A3-9474-1A3956D46DE8}") = "Lamedal_WinForms", "Lamedal_WinForms", "{89E0DF86-D8D9-465F-A2A1-83C318D9CCF1}"
EndProject
Global
	GlobalSection(SolutionConfigurationPlatforms) = preSolution
		Debug|Any CPU = Debug|Any CPU
		Release|Any CPU = Release|Any CPU
	EndGlobalSection
	GlobalSection(ProjectConfigurationPlatforms) = postSolution
		{421FEB9F-B016-45BD-98BE-9B4889F39057}.Debug|Any CPU.ActiveCfg = Debug|Any CPU
		{421FEB9F-B016-45BD-98BE-9B4889F39057}.Debug|Any CPU.Build.0 = Debug|Any CPU
		{421FEB9F-B016-45BD-98BE-9B4889F39057}.Release|Any CPU.ActiveCfg = Release|Any CPU
		{421FEB9F-B016-45BD-98BE-9B4889F39057}.Release|Any CPU.Build.0 = Release|Any CPU
		{66311AA8-6427-4B6A-840A-0E8C6D0A2B05}.Debug|Any CPU.ActiveCfg = Debug|Any CPU
		{66311AA8-6427-4B6A-840A-0E8C6D0A2B05}.Debug|Any CPU.Build.0 = Debug|Any CPU
		{66311AA8-6427-4B6A-840A-0E8C6D0A2B05}.Release|Any CPU.ActiveCfg = Release|Any CPU
		{66311AA8-6427-4B6A-840A-0E8C6D0A2B05}.Release|Any CPU.Build.0 = Release|Any CPU
		{6EE128E4-96F6-40D4-85C0-235C30EC461C}.Debug|Any CPU.ActiveCfg = Debug|Any CPU
		{6EE128E4-96F6-40D4-85C0-235C30EC461C}.Debug|Any CPU.Build.0 = Debug|Any CPU
		{6EE128E4-96F6-40D4-85C0-235C30EC461C}.Release|Any CPU.ActiveCfg = Release|Any CPU
		{6EE128E4-96F6-40D4-85C0-235C30EC461C}.Release|Any CPU.Build.0 = Release|Any CPU
		{C5B02C31-0A43-4CBF-BA58-7C6CF0CE9A3E}.Debug|Any CPU.ActiveCfg = Debug|Any CPU
		{C5B02C31-0A43-4CBF-BA58-7C6CF0CE9A3E}.Debug|Any CPU.Build.0 = Debug|Any CPU
		{C5B02C31-0A43-4CBF-BA58-7C6CF0CE9A3E}.Release|Any CPU.ActiveCfg = Release|Any CPU
		{C5B02C31-0A43-4CBF-BA58-7C6CF0CE9A3E}.Release|Any CPU.Build.0 = Release|Any CPU
		{B4D5D9FB-6C23-4D53-ABFC-BA1DF97390FB}.Debug|Any CPU.ActiveCfg = Debug|Any CPU
		{B4D5D9FB-6C23-4D53-ABFC-BA1DF97390FB}.Debug|Any CPU.Build.0 = Debug|Any CPU
		{B4D5D9FB-6C23-4D53-ABFC-BA1DF97390FB}.Release|Any CPU.ActiveCfg = Release|Any CPU
		{B4D5D9FB-6C23-4D53-ABFC-BA1DF97390FB}.Release|Any CPU.Build.0 = Release|Any CPU
		{D37E3923-B7D7-4622-9AF2-F03487BD1E84}.Debug|Any CPU.ActiveCfg = Debug|Any CPU
		{D37E3923-B7D7-4622-9AF2-F03487BD1E84}.Debug|Any CPU.Build.0 = Debug|Any CPU
		{D37E3923-B7D7-4622-9AF2-F03487BD1E84}.Release|Any CPU.ActiveCfg = Release|Any CPU
		{D37E3923-B7D7-4622-9AF2-F03487BD1E84}.Release|Any CPU.Build.0 = Release|Any CPU
	EndGlobalSection
	GlobalSection(SolutionProperties) = preSolution
		HideSolutionNode = FALSE
	EndGlobalSection
	GlobalSection(NestedProjects) = preSolution
		{421FEB9F-B016-45BD-98BE-9B4889F39057} = {7DAA45E9-6F18-4B69-8614-0883E3E97F45}
		{66311AA8-6427-4B6A-840A-0E8C6D0A2B05} = {7DAA45E9-6F18-4B69-8614-0883E3E97F45}
		{6EE128E4-96F6-40D4-85C0-235C30EC461C} = {89E0DF86-D8D9-465F-A2A1-83C318D9CCF1}
		{C5B02C31-0A43-4CBF-BA58-7C6CF0CE9A3E} = {89E0DF86-D8D9-465F-A2A1-83C318D9CCF1}
		{B4D5D9FB-6C23-4D53-ABFC-BA1DF97390FB} = {89E0DF86-D8D9-465F-A2A1-83C318D9CCF1}
		{D37E3923-B7D7-4622-9AF2-F03487BD1E84} = {89E0DF86-D8D9-465F-A2A1-83C318D9CCF1}
	EndGlobalSection
EndGlobal
